// !$*UTF8*$!
{
	archiveVersion = 1;
	classes = {
	};
	objectVersion = 56;
	objects = {

/* Begin PBXBuildFile section */
		85DC5D342C5E7789008543DD /* main.swift in Sources */ = {isa = PBXBuildFile; fileRef = 85DC5D332C5E7789008543DD /* main.swift */; };
		85DC5D3B2C5E7C0A008543DD /* Team.swift in Sources */ = {isa = PBXBuildFile; fileRef = 85DC5D3A2C5E7C0A008543DD /* Team.swift */; };
		85DC5D3D2C5E7C20008543DD /* Pilot.swift in Sources */ = {isa = PBXBuildFile; fileRef = 85DC5D3C2C5E7C20008543DD /* Pilot.swift */; };
		85DC5D3F2C5E7E32008543DD /* Car.swift in Sources */ = {isa = PBXBuildFile; fileRef = 85DC5D3E2C5E7E32008543DD /* Car.swift */; };
		85DC5D412C5E7F25008543DD /* TeamBuilder.swift in Sources */ = {isa = PBXBuildFile; fileRef = 85DC5D402C5E7F25008543DD /* TeamBuilder.swift */; };
		85DC5D432C5E8800008543DD /* SeasonManager.swift in Sources */ = {isa = PBXBuildFile; fileRef = 85DC5D422C5E8800008543DD /* SeasonManager.swift */; };
		85DC5D4B2C5E9E71008543DD /* TeamRepository.swift in Sources */ = {isa = PBXBuildFile; fileRef = 85DC5D4A2C5E9E71008543DD /* TeamRepository.swift */; };
		85DC5D4D2C614A54008543DD /* CarSpecification.swift in Sources */ = {isa = PBXBuildFile; fileRef = 85DC5D4C2C614A54008543DD /* CarSpecification.swift */; };
		85DC5D4F2C615AFB008543DD /* Observer.swift in Sources */ = {isa = PBXBuildFile; fileRef = 85DC5D4E2C615AFB008543DD /* Observer.swift */; };
		85DC5D512C615B0A008543DD /* Subject.swift in Sources */ = {isa = PBXBuildFile; fileRef = 85DC5D502C615B0A008543DD /* Subject.swift */; };
		85DC5D532C615BB1008543DD /* CarSpecificationObserver.swift in Sources */ = {isa = PBXBuildFile; fileRef = 85DC5D522C615BB1008543DD /* CarSpecificationObserver.swift */; };
/* End PBXBuildFile section */

/* Begin PBXCopyFilesBuildPhase section */
		85DC5D2E2C5E7789008543DD /* CopyFiles */ = {
			isa = PBXCopyFilesBuildPhase;
			buildActionMask = 2147483647;
			dstPath = /usr/share/man/man1/;
			dstSubfolderSpec = 0;
			files = (
			);
			runOnlyForDeploymentPostprocessing = 1;
		};
/* End PBXCopyFilesBuildPhase section */

/* Begin PBXFileReference section */
		85DC5D302C5E7789008543DD /* F1SystemWithDesignPatterns */ = {isa = PBXFileReference; explicitFileType = "compiled.mach-o.executable"; includeInIndex = 0; path = F1SystemWithDesignPatterns; sourceTree = BUILT_PRODUCTS_DIR; };
		85DC5D332C5E7789008543DD /* main.swift */ = {isa = PBXFileReference; lastKnownFileType = sourcecode.swift; path = main.swift; sourceTree = "<group>"; };
		85DC5D3A2C5E7C0A008543DD /* Team.swift */ = {isa = PBXFileReference; lastKnownFileType = sourcecode.swift; path = Team.swift; sourceTree = "<group>"; };
		85DC5D3C2C5E7C20008543DD /* Pilot.swift */ = {isa = PBXFileReference; lastKnownFileType = sourcecode.swift; path = Pilot.swift; sourceTree = "<group>"; };
		85DC5D3E2C5E7E32008543DD /* Car.swift */ = {isa = PBXFileReference; lastKnownFileType = sourcecode.swift; path = Car.swift; sourceTree = "<group>"; };
		85DC5D402C5E7F25008543DD /* TeamBuilder.swift */ = {isa = PBXFileReference; lastKnownFileType = sourcecode.swift; path = TeamBuilder.swift; sourceTree = "<group>"; };
		85DC5D422C5E8800008543DD /* SeasonManager.swift */ = {isa = PBXFileReference; lastKnownFileType = sourcecode.swift; path = SeasonManager.swift; sourceTree = "<group>"; };
		85DC5D4A2C5E9E71008543DD /* TeamRepository.swift */ = {isa = PBXFileReference; lastKnownFileType = sourcecode.swift; path = TeamRepository.swift; sourceTree = "<group>"; };
		85DC5D4C2C614A54008543DD /* CarSpecification.swift */ = {isa = PBXFileReference; lastKnownFileType = sourcecode.swift; path = CarSpecification.swift; sourceTree = "<group>"; };
		85DC5D4E2C615AFB008543DD /* Observer.swift */ = {isa = PBXFileReference; lastKnownFileType = sourcecode.swift; path = Observer.swift; sourceTree = "<group>"; };
		85DC5D502C615B0A008543DD /* Subject.swift */ = {isa = PBXFileReference; lastKnownFileType = sourcecode.swift; path = Subject.swift; sourceTree = "<group>"; };
		85DC5D522C615BB1008543DD /* CarSpecificationObserver.swift */ = {isa = PBXFileReference; lastKnownFileType = sourcecode.swift; path = CarSpecificationObserver.swift; sourceTree = "<group>"; };
/* End PBXFileReference section */

/* Begin PBXFrameworksBuildPhase section */
		85DC5D2D2C5E7789008543DD /* Frameworks */ = {
			isa = PBXFrameworksBuildPhase;
			buildActionMask = 2147483647;
			files = (
			);
			runOnlyForDeploymentPostprocessing = 0;
		};
/* End PBXFrameworksBuildPhase section */

/* Begin PBXGroup section */
		85DC5D272C5E7789008543DD = {
			isa = PBXGroup;
			children = (
				85DC5D322C5E7789008543DD /* F1SystemWithDesignPatterns */,
				85DC5D312C5E7789008543DD /* Products */,
			);
			sourceTree = "<group>";
		};
		85DC5D312C5E7789008543DD /* Products */ = {
			isa = PBXGroup;
			children = (
				85DC5D302C5E7789008543DD /* F1SystemWithDesignPatterns */,
			);
			name = Products;
			sourceTree = "<group>";
		};
		85DC5D322C5E7789008543DD /* F1SystemWithDesignPatterns */ = {
			isa = PBXGroup;
			children = (
				85DC5D332C5E7789008543DD /* main.swift */,
				85DC5D422C5E8800008543DD /* SeasonManager.swift */,
				85DC5D4A2C5E9E71008543DD /* TeamRepository.swift */,
				85DC5D402C5E7F25008543DD /* TeamBuilder.swift */,
				85DC5D3A2C5E7C0A008543DD /* Team.swift */,
				85DC5D3C2C5E7C20008543DD /* Pilot.swift */,
				85DC5D3E2C5E7E32008543DD /* Car.swift */,
				85DC5D4C2C614A54008543DD /* CarSpecification.swift */,
				85DC5D4E2C615AFB008543DD /* Observer.swift */,
				85DC5D502C615B0A008543DD /* Subject.swift */,
				85DC5D522C615BB1008543DD /* CarSpecificationObserver.swift */,
			);
			path = F1SystemWithDesignPatterns;
			sourceTree = "<group>";
		};
/* End PBXGroup section */

/* Begin PBXNativeTarget section */
		85DC5D2F2C5E7789008543DD /* F1SystemWithDesignPatterns */ = {
			isa = PBXNativeTarget;
			buildConfigurationList = 85DC5D372C5E7789008543DD /* Build configuration list for PBXNativeTarget "F1SystemWithDesignPatterns" */;
			buildPhases = (
				85DC5D2C2C5E7789008543DD /* Sources */,
				85DC5D2D2C5E7789008543DD /* Frameworks */,
				85DC5D2E2C5E7789008543DD /* CopyFiles */,
			);
			buildRules = (
			);
			dependencies = (
			);
			name = F1SystemWithDesignPatterns;
			productName = F1SystemWithDesignPatterns;
			productReference = 85DC5D302C5E7789008543DD /* F1SystemWithDesignPatterns */;
			productType = "com.apple.product-type.tool";
		};
/* End PBXNativeTarget section */

/* Begin PBXProject section */
		85DC5D282C5E7789008543DD /* Project object */ = {
			isa = PBXProject;
			attributes = {
				BuildIndependentTargetsInParallel = 1;
				LastSwiftUpdateCheck = 1540;
				LastUpgradeCheck = 1540;
				TargetAttributes = {
					85DC5D2F2C5E7789008543DD = {
						CreatedOnToolsVersion = 15.4;
					};
				};
			};
			buildConfigurationList = 85DC5D2B2C5E7789008543DD /* Build configuration list for PBXProject "F1SystemWithDesignPatterns" */;
			compatibilityVersion = "Xcode 14.0";
			developmentRegion = en;
			hasScannedForEncodings = 0;
			knownRegions = (
				en,
				Base,
			);
			mainGroup = 85DC5D272C5E7789008543DD;
			productRefGroup = 85DC5D312C5E7789008543DD /* Products */;
			projectDirPath = "";
			projectRoot = "";
			targets = (
				85DC5D2F2C5E7789008543DD /* F1SystemWithDesignPatterns */,
			);
		};
/* End PBXProject section */

/* Begin PBXSourcesBuildPhase section */
		85DC5D2C2C5E7789008543DD /* Sources */ = {
			isa = PBXSourcesBuildPhase;
			buildActionMask = 2147483647;
			files = (
				85DC5D532C615BB1008543DD /* CarSpecificationObserver.swift in Sources */,
				85DC5D4D2C614A54008543DD /* CarSpecification.swift in Sources */,
				85DC5D4F2C615AFB008543DD /* Observer.swift in Sources */,
				85DC5D3B2C5E7C0A008543DD /* Team.swift in Sources */,
				85DC5D412C5E7F25008543DD /* TeamBuilder.swift in Sources */,
				85DC5D342C5E7789008543DD /* main.swift in Sources */,
				85DC5D3F2C5E7E32008543DD /* Car.swift in Sources */,
				85DC5D512C615B0A008543DD /* Subject.swift in Sources */,
				85DC5D432C5E8800008543DD /* SeasonManager.swift in Sources */,
				85DC5D4B2C5E9E71008543DD /* TeamRepository.swift in Sources */,
				85DC5D3D2C5E7C20008543DD /* Pilot.swift in Sources */,
			);
			runOnlyForDeploymentPostprocessing = 0;
		};
/* End PBXSourcesBuildPhase section */

/* Begin XCBuildConfiguration section */
		85DC5D352C5E7789008543DD /* Debug */ = {
			isa = XCBuildConfiguration;
			buildSettings = {
				ALWAYS_SEARCH_USER_PATHS = NO;
				ASSETCATALOG_COMPILER_GENERATE_SWIFT_ASSET_SYMBOL_EXTENSIONS = YES;
				CLANG_ANALYZER_NONNULL = YES;
				CLANG_ANALYZER_NUMBER_OBJECT_CONVERSION = YES_AGGRESSIVE;
				CLANG_CXX_LANGUAGE_STANDARD = "gnu++20";
				CLANG_ENABLE_MODULES = YES;
				CLANG_ENABLE_OBJC_ARC = YES;
				CLANG_ENABLE_OBJC_WEAK = YES;
				CLANG_WARN_BLOCK_CAPTURE_AUTORELEASING = YES;
				CLANG_WARN_BOOL_CONVERSION = YES;
				CLANG_WARN_COMMA = YES;
				CLANG_WARN_CONSTANT_CONVERSION = YES;
				CLANG_WARN_DEPRECATED_OBJC_IMPLEMENTATIONS = YES;
				CLANG_WARN_DIRECT_OBJC_ISA_USAGE = YES_ERROR;
				CLANG_WARN_DOCUMENTATION_COMMENTS = YES;
				CLANG_WARN_EMPTY_BODY = YES;
				CLANG_WARN_ENUM_CONVERSION = YES;
				CLANG_WARN_INFINITE_RECURSION = YES;
				CLANG_WARN_INT_CONVERSION = YES;
				CLANG_WARN_NON_LITERAL_NULL_CONVERSION = YES;
				CLANG_WARN_OBJC_IMPLICIT_RETAIN_SELF = YES;
				CLANG_WARN_OBJC_LITERAL_CONVERSION = YES;
				CLANG_WARN_OBJC_ROOT_CLASS = YES_ERROR;
				CLANG_WARN_QUOTED_INCLUDE_IN_FRAMEWORK_HEADER = YES;
				CLANG_WARN_RANGE_LOOP_ANALYSIS = YES;
				CLANG_WARN_STRICT_PROTOTYPES = YES;
				CLANG_WARN_SUSPICIOUS_MOVE = YES;
				CLANG_WARN_UNGUARDED_AVAILABILITY = YES_AGGRESSIVE;
				CLANG_WARN_UNREACHABLE_CODE = YES;
				CLANG_WARN__DUPLICATE_METHOD_MATCH = YES;
				COPY_PHASE_STRIP = NO;
				DEBUG_INFORMATION_FORMAT = dwarf;
				ENABLE_STRICT_OBJC_MSGSEND = YES;
				ENABLE_TESTABILITY = YES;
				ENABLE_USER_SCRIPT_SANDBOXING = YES;
				GCC_C_LANGUAGE_STANDARD = gnu17;
				GCC_DYNAMIC_NO_PIC = NO;
				GCC_NO_COMMON_BLOCKS = YES;
				GCC_OPTIMIZATION_LEVEL = 0;
				GCC_PREPROCESSOR_DEFINITIONS = (
					"DEBUG=1",
					"$(inherited)",
				);
				GCC_WARN_64_TO_32_BIT_CONVERSION = YES;
				GCC_WARN_ABOUT_RETURN_TYPE = YES_ERROR;
				GCC_WARN_UNDECLARED_SELECTOR = YES;
				GCC_WARN_UNINITIALIZED_AUTOS = YES_AGGRESSIVE;
				GCC_WARN_UNUSED_FUNCTION = YES;
				GCC_WARN_UNUSED_VARIABLE = YES;
				LOCALIZATION_PREFERS_STRING_CATALOGS = YES;
				MACOSX_DEPLOYMENT_TARGET = 14.0;
				MTL_ENABLE_DEBUG_INFO = INCLUDE_SOURCE;
				MTL_FAST_MATH = YES;
				ONLY_ACTIVE_ARCH = YES;
				SDKROOT = macosx;
				SWIFT_ACTIVE_COMPILATION_CONDITIONS = "DEBUG $(inherited)";
				SWIFT_OPTIMIZATION_LEVEL = "-Onone";
			};
			name = Debug;
		};
		85DC5D362C5E7789008543DD /* Release */ = {
			isa = XCBuildConfiguration;
			buildSettings = {
				ALWAYS_SEARCH_USER_PATHS = NO;
				ASSETCATALOG_COMPILER_GENERATE_SWIFT_ASSET_SYMBOL_EXTENSIONS = YES;
				CLANG_ANALYZER_NONNULL = YES;
				CLANG_ANALYZER_NUMBER_OBJECT_CONVERSION = YES_AGGRESSIVE;
				CLANG_CXX_LANGUAGE_STANDARD = "gnu++20";
				CLANG_ENABLE_MODULES = YES;
				CLANG_ENABLE_OBJC_ARC = YES;
				CLANG_ENABLE_OBJC_WEAK = YES;
				CLANG_WARN_BLOCK_CAPTURE_AUTORELEASING = YES;
				CLANG_WARN_BOOL_CONVERSION = YES;
				CLANG_WARN_COMMA = YES;
				CLANG_WARN_CONSTANT_CONVERSION = YES;
				CLANG_WARN_DEPRECATED_OBJC_IMPLEMENTATIONS = YES;
				CLANG_WARN_DIRECT_OBJC_ISA_USAGE = YES_ERROR;
				CLANG_WARN_DOCUMENTATION_COMMENTS = YES;
				CLANG_WARN_EMPTY_BODY = YES;
				CLANG_WARN_ENUM_CONVERSION = YES;
				CLANG_WARN_INFINITE_RECURSION = YES;
				CLANG_WARN_INT_CONVERSION = YES;
				CLANG_WARN_NON_LITERAL_NULL_CONVERSION = YES;
				CLANG_WARN_OBJC_IMPLICIT_RETAIN_SELF = YES;
				CLANG_WARN_OBJC_LITERAL_CONVERSION = YES;
				CLANG_WARN_OBJC_ROOT_CLASS = YES_ERROR;
				CLANG_WARN_QUOTED_INCLUDE_IN_FRAMEWORK_HEADER = YES;
				CLANG_WARN_RANGE_LOOP_ANALYSIS = YES;
				CLANG_WARN_STRICT_PROTOTYPES = YES;
				CLANG_WARN_SUSPICIOUS_MOVE = YES;
				CLANG_WARN_UNGUARDED_AVAILABILITY = YES_AGGRESSIVE;
				CLANG_WARN_UNREACHABLE_CODE = YES;
				CLANG_WARN__DUPLICATE_METHOD_MATCH = YES;
				COPY_PHASE_STRIP = NO;
				DEBUG_INFORMATION_FORMAT = "dwarf-with-dsym";
				ENABLE_NS_ASSERTIONS = NO;
				ENABLE_STRICT_OBJC_MSGSEND = YES;
				ENABLE_USER_SCRIPT_SANDBOXING = YES;
				GCC_C_LANGUAGE_STANDARD = gnu17;
				GCC_NO_COMMON_BLOCKS = YES;
				GCC_WARN_64_TO_32_BIT_CONVERSION = YES;
				GCC_WARN_ABOUT_RETURN_TYPE = YES_ERROR;
				GCC_WARN_UNDECLARED_SELECTOR = YES;
				GCC_WARN_UNINITIALIZED_AUTOS = YES_AGGRESSIVE;
				GCC_WARN_UNUSED_FUNCTION = YES;
				GCC_WARN_UNUSED_VARIABLE = YES;
				LOCALIZATION_PREFERS_STRING_CATALOGS = YES;
				MACOSX_DEPLOYMENT_TARGET = 14.0;
				MTL_ENABLE_DEBUG_INFO = NO;
				MTL_FAST_MATH = YES;
				SDKROOT = macosx;
				SWIFT_COMPILATION_MODE = wholemodule;
			};
			name = Release;
		};
		85DC5D382C5E7789008543DD /* Debug */ = {
			isa = XCBuildConfiguration;
			buildSettings = {
				CODE_SIGN_STYLE = Automatic;
				DEVELOPMENT_TEAM = WJKTWZ2AD7;
				ENABLE_HARDENED_RUNTIME = YES;
				PRODUCT_NAME = "$(TARGET_NAME)";
				SWIFT_VERSION = 5.0;
			};
			name = Debug;
		};
		85DC5D392C5E7789008543DD /* Release */ = {
			isa = XCBuildConfiguration;
			buildSettings = {
				CODE_SIGN_STYLE = Automatic;
				DEVELOPMENT_TEAM = WJKTWZ2AD7;
				ENABLE_HARDENED_RUNTIME = YES;
				PRODUCT_NAME = "$(TARGET_NAME)";
				SWIFT_VERSION = 5.0;
			};
			name = Release;
		};
/* End XCBuildConfiguration section */

/* Begin XCConfigurationList section */
		85DC5D2B2C5E7789008543DD /* Build configuration list for PBXProject "F1SystemWithDesignPatterns" */ = {
			isa = XCConfigurationList;
			buildConfigurations = (
				85DC5D352C5E7789008543DD /* Debug */,
				85DC5D362C5E7789008543DD /* Release */,
			);
			defaultConfigurationIsVisible = 0;
			defaultConfigurationName = Release;
		};
		85DC5D372C5E7789008543DD /* Build configuration list for PBXNativeTarget "F1SystemWithDesignPatterns" */ = {
			isa = XCConfigurationList;
			buildConfigurations = (
				85DC5D382C5E7789008543DD /* Debug */,
				85DC5D392C5E7789008543DD /* Release */,
			);
			defaultConfigurationIsVisible = 0;
			defaultConfigurationName = Release;
		};
/* End XCConfigurationList section */
	};
	rootObject = 85DC5D282C5E7789008543DD /* Project object */;
}
